
Microsoft Visual Studio Solution File, Format Version 12.00
# Visual Studio 15
VisualStudioVersion = 15.0.27703.2026
MinimumVisualStudioVersion = 10.0.40219.1
Project("{FAE04EC0-301F-11D3-BF4B-00C04F79EFBC}") = "EnterSchoolRegister.BLL", "EnterSchoolRegister\EnterSchoolRegister.BLL\EnterSchoolRegister.BLL.csproj", "{1381B698-C085-4C3C-9624-5AC4199266E9}"
EndProject
Project("{FAE04EC0-301F-11D3-BF4B-00C04F79EFBC}") = "EnterSchoolRegister.DAL", "EnterSchoolRegister\EnterSchoolRegister.DAL\EnterSchoolRegister.DAL.csproj", "{87DC4CBB-9D66-4A8E-BE5E-D881AF4F9EF6}"
EndProject
Project("{FAE04EC0-301F-11D3-BF4B-00C04F79EFBC}") = "EnterSchoolRegister.Services", "EnterSchoolRegister\EnterSchoolRegister.Services\EnterSchoolRegister.Services.csproj", "{255B044D-FC84-451A-8ED8-21F6A8182F9B}"
EndProject
Project("{FAE04EC0-301F-11D3-BF4B-00C04F79EFBC}") = "EnterSchoolRegister.Utilities", "EnterSchoolRegister\EnterSchoolRegister.Utilities\EnterSchoolRegister.Utilities.csproj", "{A195A62F-8621-48DA-B3AB-86BC23FDBD34}"
EndProject
Project("{FAE04EC0-301F-11D3-BF4B-00C04F79EFBC}") = "EnterSchoolRegister.ViewModels", "EnterSchoolRegister\EnterSchoolRegister.ViewModels\EnterSchoolRegister.ViewModels.csproj", "{003ECC18-F2F7-4657-AD8B-B1F1EDEB07C2}"
EndProject
Project("{FAE04EC0-301F-11D3-BF4B-00C04F79EFBC}") = "EnterSchoolRegister.Web", "EnterSchoolRegister\EnterSchoolRegister.Web\EnterSchoolRegister.Web.csproj", "{4A02B4A4-E53C-42C2-8E49-4B7E3F8B8F7E}"
EndProject
Global
	GlobalSection(SolutionConfigurationPlatforms) = preSolution
		Debug|Any CPU = Debug|Any CPU
		Release|Any CPU = Release|Any CPU
	EndGlobalSection
	GlobalSection(ProjectConfigurationPlatforms) = postSolution
		{1381B698-C085-4C3C-9624-5AC4199266E9}.Debug|Any CPU.ActiveCfg = Debug|Any CPU
		{1381B698-C085-4C3C-9624-5AC4199266E9}.Debug|Any CPU.Build.0 = Debug|Any CPU
		{1381B698-C085-4C3C-9624-5AC4199266E9}.Release|Any CPU.ActiveCfg = Release|Any CPU
		{1381B698-C085-4C3C-9624-5AC4199266E9}.Release|Any CPU.Build.0 = Release|Any CPU
		{87DC4CBB-9D66-4A8E-BE5E-D881AF4F9EF6}.Debug|Any CPU.ActiveCfg = Debug|Any CPU
		{87DC4CBB-9D66-4A8E-BE5E-D881AF4F9EF6}.Debug|Any CPU.Build.0 = Debug|Any CPU
		{87DC4CBB-9D66-4A8E-BE5E-D881AF4F9EF6}.Release|Any CPU.ActiveCfg = Release|Any CPU
		{87DC4CBB-9D66-4A8E-BE5E-D881AF4F9EF6}.Release|Any CPU.Build.0 = Release|Any CPU
		{255B044D-FC84-451A-8ED8-21F6A8182F9B}.Debug|Any CPU.ActiveCfg = Debug|Any CPU
		{255B044D-FC84-451A-8ED8-21F6A8182F9B}.Debug|Any CPU.Build.0 = Debug|Any CPU
		{255B044D-FC84-451A-8ED8-21F6A8182F9B}.Release|Any CPU.ActiveCfg = Release|Any CPU
		{255B044D-FC84-451A-8ED8-21F6A8182F9B}.Release|Any CPU.Build.0 = Release|Any CPU
		{A195A62F-8621-48DA-B3AB-86BC23FDBD34}.Debug|Any CPU.ActiveCfg = Debug|Any CPU
		{A195A62F-8621-48DA-B3AB-86BC23FDBD34}.Debug|Any CPU.Build.0 = Debug|Any CPU
		{A195A62F-8621-48DA-B3AB-86BC23FDBD34}.Release|Any CPU.ActiveCfg = Release|Any CPU
		{A195A62F-8621-48DA-B3AB-86BC23FDBD34}.Release|Any CPU.Build.0 = Release|Any CPU
		{003ECC18-F2F7-4657-AD8B-B1F1EDEB07C2}.Debug|Any CPU.ActiveCfg = Debug|Any CPU
		{003ECC18-F2F7-4657-AD8B-B1F1EDEB07C2}.Debug|Any CPU.Build.0 = Debug|Any CPU
		{003ECC18-F2F7-4657-AD8B-B1F1EDEB07C2}.Release|Any CPU.ActiveCfg = Release|Any CPU
		{003ECC18-F2F7-4657-AD8B-B1F1EDEB07C2}.Release|Any CPU.Build.0 = Release|Any CPU
		{4A02B4A4-E53C-42C2-8E49-4B7E3F8B8F7E}.Debug|Any CPU.ActiveCfg = Debug|Any CPU
		{4A02B4A4-E53C-42C2-8E49-4B7E3F8B8F7E}.Debug|Any CPU.Build.0 = Debug|Any CPU
		{4A02B4A4-E53C-42C2-8E49-4B7E3F8B8F7E}.Release|Any CPU.ActiveCfg = Release|Any CPU
		{4A02B4A4-E53C-42C2-8E49-4B7E3F8B8F7E}.Release|Any CPU.Build.0 = Release|Any CPU
	EndGlobalSection
	GlobalSection(SolutionProperties) = preSolution
		HideSolutionNode = FALSE
	EndGlobalSection
	GlobalSection(ExtensibilityGlobals) = postSolution
		SolutionGuid = {A0B43C33-F46E-47BF-8150-242C8FB9F369}
	EndGlobalSection
EndGlobal
