
Microsoft Visual Studio Solution File, Format Version 12.00
# Visual Studio 15
VisualStudioVersion = 15.0.27428.2015
MinimumVisualStudioVersion = 10.0.40219.1
Project("{FAE04EC0-301F-11D3-BF4B-00C04F79EFBC}") = "EnterSchoolRegister.BLL", "EnterSchoolRegister\EnterSchoolRegister.BLL\EnterSchoolRegister.BLL.csproj", "{93032328-9916-4CEC-B49D-57C86AAEAD8E}"
EndProject
Project("{FAE04EC0-301F-11D3-BF4B-00C04F79EFBC}") = "EnterSchoolRegister.DAL", "EnterSchoolRegister\EnterSchoolRegister.DAL\EnterSchoolRegister.DAL.csproj", "{A32F6B5C-A5C7-4306-B41D-2D36A5FA4695}"
EndProject
Project("{FAE04EC0-301F-11D3-BF4B-00C04F79EFBC}") = "EnterSchoolRegister.Services", "EnterSchoolRegister\EnterSchoolRegister.Services\EnterSchoolRegister.Services.csproj", "{D00431A7-00A9-452B-83A6-D4F50BDE4735}"
EndProject
Project("{FAE04EC0-301F-11D3-BF4B-00C04F79EFBC}") = "EnterSchoolRegister.Utilities", "EnterSchoolRegister\EnterSchoolRegister.Utilities\EnterSchoolRegister.Utilities.csproj", "{14EE7D7E-EBC5-41FD-9BD4-505159B598C6}"
EndProject
Project("{FAE04EC0-301F-11D3-BF4B-00C04F79EFBC}") = "EnterSchoolRegister.ViewModels", "EnterSchoolRegister\EnterSchoolRegister.ViewModels\EnterSchoolRegister.ViewModels.csproj", "{BEE89823-6969-4789-BD0F-5BC349367F37}"
EndProject
Project("{FAE04EC0-301F-11D3-BF4B-00C04F79EFBC}") = "EnterSchoolRegister.Web", "EnterSchoolRegister\EnterSchoolRegister.Web\EnterSchoolRegister.Web.csproj", "{C99D0372-B7F2-424C-95D9-982FBF0A2723}"
EndProject
Global
	GlobalSection(SolutionConfigurationPlatforms) = preSolution
		Debug|Any CPU = Debug|Any CPU
		Release|Any CPU = Release|Any CPU
	EndGlobalSection
	GlobalSection(ProjectConfigurationPlatforms) = postSolution
		{93032328-9916-4CEC-B49D-57C86AAEAD8E}.Debug|Any CPU.ActiveCfg = Debug|Any CPU
		{93032328-9916-4CEC-B49D-57C86AAEAD8E}.Debug|Any CPU.Build.0 = Debug|Any CPU
		{93032328-9916-4CEC-B49D-57C86AAEAD8E}.Release|Any CPU.ActiveCfg = Release|Any CPU
		{93032328-9916-4CEC-B49D-57C86AAEAD8E}.Release|Any CPU.Build.0 = Release|Any CPU
		{A32F6B5C-A5C7-4306-B41D-2D36A5FA4695}.Debug|Any CPU.ActiveCfg = Debug|Any CPU
		{A32F6B5C-A5C7-4306-B41D-2D36A5FA4695}.Debug|Any CPU.Build.0 = Debug|Any CPU
		{A32F6B5C-A5C7-4306-B41D-2D36A5FA4695}.Release|Any CPU.ActiveCfg = Release|Any CPU
		{A32F6B5C-A5C7-4306-B41D-2D36A5FA4695}.Release|Any CPU.Build.0 = Release|Any CPU
		{D00431A7-00A9-452B-83A6-D4F50BDE4735}.Debug|Any CPU.ActiveCfg = Debug|Any CPU
		{D00431A7-00A9-452B-83A6-D4F50BDE4735}.Debug|Any CPU.Build.0 = Debug|Any CPU
		{D00431A7-00A9-452B-83A6-D4F50BDE4735}.Release|Any CPU.ActiveCfg = Release|Any CPU
		{D00431A7-00A9-452B-83A6-D4F50BDE4735}.Release|Any CPU.Build.0 = Release|Any CPU
		{14EE7D7E-EBC5-41FD-9BD4-505159B598C6}.Debug|Any CPU.ActiveCfg = Debug|Any CPU
		{14EE7D7E-EBC5-41FD-9BD4-505159B598C6}.Debug|Any CPU.Build.0 = Debug|Any CPU
		{14EE7D7E-EBC5-41FD-9BD4-505159B598C6}.Release|Any CPU.ActiveCfg = Release|Any CPU
		{14EE7D7E-EBC5-41FD-9BD4-505159B598C6}.Release|Any CPU.Build.0 = Release|Any CPU
		{BEE89823-6969-4789-BD0F-5BC349367F37}.Debug|Any CPU.ActiveCfg = Debug|Any CPU
		{BEE89823-6969-4789-BD0F-5BC349367F37}.Debug|Any CPU.Build.0 = Debug|Any CPU
		{BEE89823-6969-4789-BD0F-5BC349367F37}.Release|Any CPU.ActiveCfg = Release|Any CPU
		{BEE89823-6969-4789-BD0F-5BC349367F37}.Release|Any CPU.Build.0 = Release|Any CPU
		{C99D0372-B7F2-424C-95D9-982FBF0A2723}.Debug|Any CPU.ActiveCfg = Debug|Any CPU
		{C99D0372-B7F2-424C-95D9-982FBF0A2723}.Debug|Any CPU.Build.0 = Debug|Any CPU
		{C99D0372-B7F2-424C-95D9-982FBF0A2723}.Release|Any CPU.ActiveCfg = Release|Any CPU
		{C99D0372-B7F2-424C-95D9-982FBF0A2723}.Release|Any CPU.Build.0 = Release|Any CPU
	EndGlobalSection
	GlobalSection(SolutionProperties) = preSolution
		HideSolutionNode = FALSE
	EndGlobalSection
	GlobalSection(ExtensibilityGlobals) = postSolution
		SolutionGuid = {4691B1ED-95A3-4D9E-9E53-85A16AF876AC}
	EndGlobalSection
EndGlobal
